
Microsoft Visual Studio Solution File, Format Version 12.00
# Visual Studio Version 17
VisualStudioVersion = 17.5.33502.453
MinimumVisualStudioVersion = 10.0.40219.1
Project("{FAE04EC0-301F-11D3-BF4B-00C04F79EFBC}") = "InvoiceManager", "InvoiceManager\InvoiceManager.csproj", "{72301328-1143-4782-9CFD-5BDEA3F5AC10}"
EndProject
Global
	GlobalSection(SolutionConfigurationPlatforms) = preSolution
		Debug|Any CPU = Debug|Any CPU
		Release|Any CPU = Release|Any CPU
	EndGlobalSection
	GlobalSection(ProjectConfigurationPlatforms) = postSolution
		{72301328-1143-4782-9CFD-5BDEA3F5AC10}.Debug|Any CPU.ActiveCfg = Debug|Any CPU
		{72301328-1143-4782-9CFD-5BDEA3F5AC10}.Debug|Any CPU.Build.0 = Debug|Any CPU
		{72301328-1143-4782-9CFD-5BDEA3F5AC10}.Release|Any CPU.ActiveCfg = Release|Any CPU
		{72301328-1143-4782-9CFD-5BDEA3F5AC10}.Release|Any CPU.Build.0 = Release|Any CPU
	EndGlobalSection
	GlobalSection(SolutionProperties) = preSolution
		HideSolutionNode = FALSE
	EndGlobalSection
	GlobalSection(ExtensibilityGlobals) = postSolution
		SolutionGuid = {16E95137-1AA5-4A3F-8492-4B7C59DF128B}
	EndGlobalSection
EndGlobal
